
Microsoft Visual Studio Solution File, Format Version 12.00
# Visual Studio Version 16
VisualStudioVersion = 16.0.31829.152
MinimumVisualStudioVersion = 10.0.40219.1
Project("{FAE04EC0-301F-11D3-BF4B-00C04F79EFBC}") = "13 MultiBuilding", "13 MultiBuilding\13 MultiBuilding.csproj", "{984733D8-CEDC-475C-B351-88F7C1CDD070}"
EndProject
Global
	GlobalSection(SolutionConfigurationPlatforms) = preSolution
		Debug|Any CPU = Debug|Any CPU
		Release|Any CPU = Release|Any CPU
	EndGlobalSection
	GlobalSection(ProjectConfigurationPlatforms) = postSolution
		{984733D8-CEDC-475C-B351-88F7C1CDD070}.Debug|Any CPU.ActiveCfg = Debug|Any CPU
		{984733D8-CEDC-475C-B351-88F7C1CDD070}.Debug|Any CPU.Build.0 = Debug|Any CPU
		{984733D8-CEDC-475C-B351-88F7C1CDD070}.Release|Any CPU.ActiveCfg = Release|Any CPU
		{984733D8-CEDC-475C-B351-88F7C1CDD070}.Release|Any CPU.Build.0 = Release|Any CPU
	EndGlobalSection
	GlobalSection(SolutionProperties) = preSolution
		HideSolutionNode = FALSE
	EndGlobalSection
	GlobalSection(ExtensibilityGlobals) = postSolution
		SolutionGuid = {4F0209E5-7C52-4575-A8AC-043EFA41A505}
	EndGlobalSection
EndGlobal
